PODS:
  - Argo (0.3.2):
    - Runes
  - Nimble (0.2.0)
  - Quick (0.2.0)
  - Realm (0.90.5):
    - Realm/Headers (= 0.90.5)
  - Realm/Headers (0.90.5)
  - Runes (1.1.1)
  - SocketRocket (0.3.1-beta2)

DEPENDENCIES:
  - Argo (from `https://github.com/thoughtbot/Argo`)
  - Nimble (from `https://github.com/Quick/Nimble`)
  - Quick (from `https://github.com/Quick/Quick`)
  - Realm (= 0.90.5)
  - SocketRocket (from `https://github.com/square/SocketRocket`)

EXTERNAL SOURCES:
  Argo:
    :git: https://github.com/thoughtbot/Argo
  Nimble:
    :git: https://github.com/Quick/Nimble
  Quick:
    :git: https://github.com/Quick/Quick
  SocketRocket:
    :git: https://github.com/square/SocketRocket

CHECKOUT OPTIONS:
  Argo:
    :commit: 58ed33870dc06fae3616b8b45d2c1ded1973a84b
    :git: https://github.com/thoughtbot/Argo
  Nimble:
    :commit: 89affdde2b3bc946b4ff33683dc3b573548e9c3c
    :git: https://github.com/Quick/Nimble
  Quick:
    :commit: 4a603af78f78898a29f7859d55e6bcf151d698a9
    :git: https://github.com/Quick/Quick
  SocketRocket:
    :commit: 954750c0184f8584b44ddd84694e24c01eb9c325
    :git: https://github.com/square/SocketRocket

SPEC CHECKSUMS:
  Argo: f99f70372dfabaf22b781a8391c585323e8df55b
  Nimble: 79679d4cd5a3710db75e1dd9f5479f71842da6a6
  Quick: fdcce541eb5d73f5ac78f95c770ca6d6d69f0b81
  Realm: aea25534b97be77995650c2339aa6ed010dfcc8a
  Runes: 5268f17b84bd4522494a3ab3291f18c84e3e9924
  SocketRocket: 70df1983148525857ced17c57207bfb939bc6b8e

COCOAPODS: 0.36.0.beta.1
